
Microsoft Visual Studio Solution File, Format Version 12.00
# Blend for Visual Studio 15
VisualStudioVersion = 15.0.27130.2010
MinimumVisualStudioVersion = 10.0.40219.1
Project("{FAE04EC0-301F-11D3-BF4B-00C04F79EFBC}") = "UrbanInvoicing", "UrbanInvoicing\UrbanInvoicing\UrbanInvoicing.csproj", "{31254612-386D-4126-85D5-65F1EF70D6C9}"
EndProject
Project("{FAE04EC0-301F-11D3-BF4B-00C04F79EFBC}") = "UrbanInvoicing.iOS", "UrbanInvoicing\UrbanInvoicing.iOS\UrbanInvoicing.iOS.csproj", "{922DA116-FA7C-42A5-B8C5-49AA192E7006}"
EndProject
Project("{FAE04EC0-301F-11D3-BF4B-00C04F79EFBC}") = "UrbanInvoicing.Android", "UrbanInvoicing\UrbanInvoicing.Android\UrbanInvoicing.Android.csproj", "{E17058D5-A971-467A-97F1-40CAE708F16F}"
EndProject
Project("{FAE04EC0-301F-11D3-BF4B-00C04F79EFBC}") = "UrbanInvoicing.UWP", "UrbanInvoicing\UrbanInvoicing.UWP\UrbanInvoicing.UWP.csproj", "{ADA0AF3A-DA4F-454D-85AE-918B2104A931}"
EndProject
Project("{FAE04EC0-301F-11D3-BF4B-00C04F79EFBC}") = "urbanInvoicingLibrary", "urbanInvoicingLibrary\urbanInvoicingLibrary.csproj", "{BA55AC6D-3AE0-480D-9C57-17ABC435BD8E}"
EndProject
Global
	GlobalSection(SolutionConfigurationPlatforms) = preSolution
		Ad-Hoc|Any CPU = Ad-Hoc|Any CPU
		Ad-Hoc|ARM = Ad-Hoc|ARM
		Ad-Hoc|iPhone = Ad-Hoc|iPhone
		Ad-Hoc|iPhoneSimulator = Ad-Hoc|iPhoneSimulator
		Ad-Hoc|x64 = Ad-Hoc|x64
		Ad-Hoc|x86 = Ad-Hoc|x86
		AppStore|Any CPU = AppStore|Any CPU
		AppStore|ARM = AppStore|ARM
		AppStore|iPhone = AppStore|iPhone
		AppStore|iPhoneSimulator = AppStore|iPhoneSimulator
		AppStore|x64 = AppStore|x64
		AppStore|x86 = AppStore|x86
		Debug|Any CPU = Debug|Any CPU
		Debug|ARM = Debug|ARM
		Debug|iPhone = Debug|iPhone
		Debug|iPhoneSimulator = Debug|iPhoneSimulator
		Debug|x64 = Debug|x64
		Debug|x86 = Debug|x86
		Release|Any CPU = Release|Any CPU
		Release|ARM = Release|ARM
		Release|iPhone = Release|iPhone
		Release|iPhoneSimulator = Release|iPhoneSimulator
		Release|x64 = Release|x64
		Release|x86 = Release|x86
	EndGlobalSection
	GlobalSection(ProjectConfigurationPlatforms) = postSolution
		{31254612-386D-4126-85D5-65F1EF70D6C9}.Ad-Hoc|Any CPU.ActiveCfg = Debug|Any CPU
		{31254612-386D-4126-85D5-65F1EF70D6C9}.Ad-Hoc|Any CPU.Build.0 = Debug|Any CPU
		{31254612-386D-4126-85D5-65F1EF70D6C9}.Ad-Hoc|ARM.ActiveCfg = Debug|Any CPU
		{31254612-386D-4126-85D5-65F1EF70D6C9}.Ad-Hoc|ARM.Build.0 = Debug|Any CPU
		{31254612-386D-4126-85D5-65F1EF70D6C9}.Ad-Hoc|iPhone.ActiveCfg = Debug|Any CPU
		{31254612-386D-4126-85D5-65F1EF70D6C9}.Ad-Hoc|iPhone.Build.0 = Debug|Any CPU
		{31254612-386D-4126-85D5-65F1EF70D6C9}.Ad-Hoc|iPhoneSimulator.ActiveCfg = Debug|Any CPU
		{31254612-386D-4126-85D5-65F1EF70D6C9}.Ad-Hoc|iPhoneSimulator.Build.0 = Debug|Any CPU
		{31254612-386D-4126-85D5-65F1EF70D6C9}.Ad-Hoc|x64.ActiveCfg = Debug|Any CPU
		{31254612-386D-4126-85D5-65F1EF70D6C9}.Ad-Hoc|x64.Build.0 = Debug|Any CPU
		{31254612-386D-4126-85D5-65F1EF70D6C9}.Ad-Hoc|x86.ActiveCfg = Debug|Any CPU
		{31254612-386D-4126-85D5-65F1EF70D6C9}.Ad-Hoc|x86.Build.0 = Debug|Any CPU
		{31254612-386D-4126-85D5-65F1EF70D6C9}.AppStore|Any CPU.ActiveCfg = Debug|Any CPU
		{31254612-386D-4126-85D5-65F1EF70D6C9}.AppStore|Any CPU.Build.0 = Debug|Any CPU
		{31254612-386D-4126-85D5-65F1EF70D6C9}.AppStore|ARM.ActiveCfg = Debug|Any CPU
		{31254612-386D-4126-85D5-65F1EF70D6C9}.AppStore|ARM.Build.0 = Debug|Any CPU
		{31254612-386D-4126-85D5-65F1EF70D6C9}.AppStore|iPhone.ActiveCfg = Debug|Any CPU
		{31254612-386D-4126-85D5-65F1EF70D6C9}.AppStore|iPhone.Build.0 = Debug|Any CPU
		{31254612-386D-4126-85D5-65F1EF70D6C9}.AppStore|iPhoneSimulator.ActiveCfg = Debug|Any CPU
		{31254612-386D-4126-85D5-65F1EF70D6C9}.AppStore|iPhoneSimulator.Build.0 = Debug|Any CPU
		{31254612-386D-4126-85D5-65F1EF70D6C9}.AppStore|x64.ActiveCfg = Debug|Any CPU
		{31254612-386D-4126-85D5-65F1EF70D6C9}.AppStore|x64.Build.0 = Debug|Any CPU
		{31254612-386D-4126-85D5-65F1EF70D6C9}.AppStore|x86.ActiveCfg = Debug|Any CPU
		{31254612-386D-4126-85D5-65F1EF70D6C9}.AppStore|x86.Build.0 = Debug|Any CPU
		{31254612-386D-4126-85D5-65F1EF70D6C9}.Debug|Any CPU.ActiveCfg = Debug|Any CPU
		{31254612-386D-4126-85D5-65F1EF70D6C9}.Debug|Any CPU.Build.0 = Debug|Any CPU
		{31254612-386D-4126-85D5-65F1EF70D6C9}.Debug|ARM.ActiveCfg = Debug|Any CPU
		{31254612-386D-4126-85D5-65F1EF70D6C9}.Debug|ARM.Build.0 = Debug|Any CPU
		{31254612-386D-4126-85D5-65F1EF70D6C9}.Debug|iPhone.ActiveCfg = Debug|Any CPU
		{31254612-386D-4126-85D5-65F1EF70D6C9}.Debug|iPhone.Build.0 = Debug|Any CPU
		{31254612-386D-4126-85D5-65F1EF70D6C9}.Debug|iPhoneSimulator.ActiveCfg = Debug|Any CPU
		{31254612-386D-4126-85D5-65F1EF70D6C9}.Debug|iPhoneSimulator.Build.0 = Debug|Any CPU
		{31254612-386D-4126-85D5-65F1EF70D6C9}.Debug|x64.ActiveCfg = Debug|Any CPU
		{31254612-386D-4126-85D5-65F1EF70D6C9}.Debug|x64.Build.0 = Debug|Any CPU
		{31254612-386D-4126-85D5-65F1EF70D6C9}.Debug|x86.ActiveCfg = Debug|Any CPU
		{31254612-386D-4126-85D5-65F1EF70D6C9}.Debug|x86.Build.0 = Debug|Any CPU
		{31254612-386D-4126-85D5-65F1EF70D6C9}.Release|Any CPU.ActiveCfg = Release|Any CPU
		{31254612-386D-4126-85D5-65F1EF70D6C9}.Release|Any CPU.Build.0 = Release|Any CPU
		{31254612-386D-4126-85D5-65F1EF70D6C9}.Release|ARM.ActiveCfg = Release|Any CPU
		{31254612-386D-4126-85D5-65F1EF70D6C9}.Release|ARM.Build.0 = Release|Any CPU
		{31254612-386D-4126-85D5-65F1EF70D6C9}.Release|iPhone.ActiveCfg = Release|Any CPU
		{31254612-386D-4126-85D5-65F1EF70D6C9}.Release|iPhone.Build.0 = Release|Any CPU
		{31254612-386D-4126-85D5-65F1EF70D6C9}.Release|iPhoneSimulator.ActiveCfg = Release|Any CPU
		{31254612-386D-4126-85D5-65F1EF70D6C9}.Release|iPhoneSimulator.Build.0 = Release|Any CPU
		{31254612-386D-4126-85D5-65F1EF70D6C9}.Release|x64.ActiveCfg = Release|Any CPU
		{31254612-386D-4126-85D5-65F1EF70D6C9}.Release|x64.Build.0 = Release|Any CPU
		{31254612-386D-4126-85D5-65F1EF70D6C9}.Release|x86.ActiveCfg = Release|Any CPU
		{31254612-386D-4126-85D5-65F1EF70D6C9}.Release|x86.Build.0 = Release|Any CPU
		{922DA116-FA7C-42A5-B8C5-49AA192E7006}.Ad-Hoc|Any CPU.ActiveCfg = Ad-Hoc|iPhone
		{922DA116-FA7C-42A5-B8C5-49AA192E7006}.Ad-Hoc|ARM.ActiveCfg = Ad-Hoc|iPhone
		{922DA116-FA7C-42A5-B8C5-49AA192E7006}.Ad-Hoc|iPhone.ActiveCfg = Ad-Hoc|iPhone
		{922DA116-FA7C-42A5-B8C5-49AA192E7006}.Ad-Hoc|iPhone.Build.0 = Ad-Hoc|iPhone
		{922DA116-FA7C-42A5-B8C5-49AA192E7006}.Ad-Hoc|iPhoneSimulator.ActiveCfg = Ad-Hoc|iPhoneSimulator
		{922DA116-FA7C-42A5-B8C5-49AA192E7006}.Ad-Hoc|iPhoneSimulator.Build.0 = Ad-Hoc|iPhoneSimulator
		{922DA116-FA7C-42A5-B8C5-49AA192E7006}.Ad-Hoc|x64.ActiveCfg = Ad-Hoc|iPhone
		{922DA116-FA7C-42A5-B8C5-49AA192E7006}.Ad-Hoc|x86.ActiveCfg = Ad-Hoc|iPhone
		{922DA116-FA7C-42A5-B8C5-49AA192E7006}.AppStore|Any CPU.ActiveCfg = AppStore|iPhone
		{922DA116-FA7C-42A5-B8C5-49AA192E7006}.AppStore|ARM.ActiveCfg = AppStore|iPhone
		{922DA116-FA7C-42A5-B8C5-49AA192E7006}.AppStore|iPhone.ActiveCfg = AppStore|iPhone
		{922DA116-FA7C-42A5-B8C5-49AA192E7006}.AppStore|iPhone.Build.0 = AppStore|iPhone
		{922DA116-FA7C-42A5-B8C5-49AA192E7006}.AppStore|iPhoneSimulator.ActiveCfg = AppStore|iPhoneSimulator
		{922DA116-FA7C-42A5-B8C5-49AA192E7006}.AppStore|iPhoneSimulator.Build.0 = AppStore|iPhoneSimulator
		{922DA116-FA7C-42A5-B8C5-49AA192E7006}.AppStore|x64.ActiveCfg = AppStore|iPhone
		{922DA116-FA7C-42A5-B8C5-49AA192E7006}.AppStore|x86.ActiveCfg = AppStore|iPhone
		{922DA116-FA7C-42A5-B8C5-49AA192E7006}.Debug|Any CPU.ActiveCfg = Debug|iPhone
		{922DA116-FA7C-42A5-B8C5-49AA192E7006}.Debug|ARM.ActiveCfg = Debug|iPhone
		{922DA116-FA7C-42A5-B8C5-49AA192E7006}.Debug|iPhone.ActiveCfg = Debug|iPhone
		{922DA116-FA7C-42A5-B8C5-49AA192E7006}.Debug|iPhone.Build.0 = Debug|iPhone
		{922DA116-FA7C-42A5-B8C5-49AA192E7006}.Debug|iPhoneSimulator.ActiveCfg = Debug|iPhoneSimulator
		{922DA116-FA7C-42A5-B8C5-49AA192E7006}.Debug|iPhoneSimulator.Build.0 = Debug|iPhoneSimulator
		{922DA116-FA7C-42A5-B8C5-49AA192E7006}.Debug|x64.ActiveCfg = Debug|iPhone
		{922DA116-FA7C-42A5-B8C5-49AA192E7006}.Debug|x86.ActiveCfg = Debug|iPhone
		{922DA116-FA7C-42A5-B8C5-49AA192E7006}.Release|Any CPU.ActiveCfg = Release|iPhone
		{922DA116-FA7C-42A5-B8C5-49AA192E7006}.Release|ARM.ActiveCfg = Release|iPhone
		{922DA116-FA7C-42A5-B8C5-49AA192E7006}.Release|iPhone.ActiveCfg = Release|iPhone
		{922DA116-FA7C-42A5-B8C5-49AA192E7006}.Release|iPhone.Build.0 = Release|iPhone
		{922DA116-FA7C-42A5-B8C5-49AA192E7006}.Release|iPhoneSimulator.ActiveCfg = Release|iPhoneSimulator
		{922DA116-FA7C-42A5-B8C5-49AA192E7006}.Release|iPhoneSimulator.Build.0 = Release|iPhoneSimulator
		{922DA116-FA7C-42A5-B8C5-49AA192E7006}.Release|x64.ActiveCfg = Release|iPhone
		{922DA116-FA7C-42A5-B8C5-49AA192E7006}.Release|x86.ActiveCfg = Release|iPhone
		{E17058D5-A971-467A-97F1-40CAE708F16F}.Ad-Hoc|Any CPU.ActiveCfg = Release|Any CPU
		{E17058D5-A971-467A-97F1-40CAE708F16F}.Ad-Hoc|Any CPU.Build.0 = Release|Any CPU
		{E17058D5-A971-467A-97F1-40CAE708F16F}.Ad-Hoc|Any CPU.Deploy.0 = Release|Any CPU
		{E17058D5-A971-467A-97F1-40CAE708F16F}.Ad-Hoc|ARM.ActiveCfg = Release|Any CPU
		{E17058D5-A971-467A-97F1-40CAE708F16F}.Ad-Hoc|ARM.Build.0 = Release|Any CPU
		{E17058D5-A971-467A-97F1-40CAE708F16F}.Ad-Hoc|ARM.Deploy.0 = Release|Any CPU
		{E17058D5-A971-467A-97F1-40CAE708F16F}.Ad-Hoc|iPhone.ActiveCfg = Release|Any CPU
		{E17058D5-A971-467A-97F1-40CAE708F16F}.Ad-Hoc|iPhone.Build.0 = Release|Any CPU
		{E17058D5-A971-467A-97F1-40CAE708F16F}.Ad-Hoc|iPhone.Deploy.0 = Release|Any CPU
		{E17058D5-A971-467A-97F1-40CAE708F16F}.Ad-Hoc|iPhoneSimulator.ActiveCfg = Release|Any CPU
		{E17058D5-A971-467A-97F1-40CAE708F16F}.Ad-Hoc|iPhoneSimulator.Build.0 = Release|Any CPU
		{E17058D5-A971-467A-97F1-40CAE708F16F}.Ad-Hoc|iPhoneSimulator.Deploy.0 = Release|Any CPU
		{E17058D5-A971-467A-97F1-40CAE708F16F}.Ad-Hoc|x64.ActiveCfg = Release|Any CPU
		{E17058D5-A971-467A-97F1-40CAE708F16F}.Ad-Hoc|x64.Build.0 = Release|Any CPU
		{E17058D5-A971-467A-97F1-40CAE708F16F}.Ad-Hoc|x64.Deploy.0 = Release|Any CPU
		{E17058D5-A971-467A-97F1-40CAE708F16F}.Ad-Hoc|x86.ActiveCfg = Release|Any CPU
		{E17058D5-A971-467A-97F1-40CAE708F16F}.Ad-Hoc|x86.Build.0 = Release|Any CPU
		{E17058D5-A971-467A-97F1-40CAE708F16F}.Ad-Hoc|x86.Deploy.0 = Release|Any CPU
		{E17058D5-A971-467A-97F1-40CAE708F16F}.AppStore|Any CPU.ActiveCfg = Release|Any CPU
		{E17058D5-A971-467A-97F1-40CAE708F16F}.AppStore|Any CPU.Build.0 = Release|Any CPU
		{E17058D5-A971-467A-97F1-40CAE708F16F}.AppStore|Any CPU.Deploy.0 = Release|Any CPU
		{E17058D5-A971-467A-97F1-40CAE708F16F}.AppStore|ARM.ActiveCfg = Release|Any CPU
		{E17058D5-A971-467A-97F1-40CAE708F16F}.AppStore|ARM.Build.0 = Release|Any CPU
		{E17058D5-A971-467A-97F1-40CAE708F16F}.AppStore|ARM.Deploy.0 = Release|Any CPU
		{E17058D5-A971-467A-97F1-40CAE708F16F}.AppStore|iPhone.ActiveCfg = Release|Any CPU
		{E17058D5-A971-467A-97F1-40CAE708F16F}.AppStore|iPhone.Build.0 = Release|Any CPU
		{E17058D5-A971-467A-97F1-40CAE708F16F}.AppStore|iPhone.Deploy.0 = Release|Any CPU
		{E17058D5-A971-467A-97F1-40CAE708F16F}.AppStore|iPhoneSimulator.ActiveCfg = Release|Any CPU
		{E17058D5-A971-467A-97F1-40CAE708F16F}.AppStore|iPhoneSimulator.Build.0 = Release|Any CPU
		{E17058D5-A971-467A-97F1-40CAE708F16F}.AppStore|iPhoneSimulator.Deploy.0 = Release|Any CPU
		{E17058D5-A971-467A-97F1-40CAE708F16F}.AppStore|x64.ActiveCfg = Release|Any CPU
		{E17058D5-A971-467A-97F1-40CAE708F16F}.AppStore|x64.Build.0 = Release|Any CPU
		{E17058D5-A971-467A-97F1-40CAE708F16F}.AppStore|x64.Deploy.0 = Release|Any CPU
		{E17058D5-A971-467A-97F1-40CAE708F16F}.AppStore|x86.ActiveCfg = Release|Any CPU
		{E17058D5-A971-467A-97F1-40CAE708F16F}.AppStore|x86.Build.0 = Release|Any CPU
		{E17058D5-A971-467A-97F1-40CAE708F16F}.AppStore|x86.Deploy.0 = Release|Any CPU
		{E17058D5-A971-467A-97F1-40CAE708F16F}.Debug|Any CPU.ActiveCfg = Debug|Any CPU
		{E17058D5-A971-467A-97F1-40CAE708F16F}.Debug|Any CPU.Build.0 = Debug|Any CPU
		{E17058D5-A971-467A-97F1-40CAE708F16F}.Debug|Any CPU.Deploy.0 = Debug|Any CPU
		{E17058D5-A971-467A-97F1-40CAE708F16F}.Debug|ARM.ActiveCfg = Debug|Any CPU
		{E17058D5-A971-467A-97F1-40CAE708F16F}.Debug|ARM.Build.0 = Debug|Any CPU
		{E17058D5-A971-467A-97F1-40CAE708F16F}.Debug|ARM.Deploy.0 = Debug|Any CPU
		{E17058D5-A971-467A-97F1-40CAE708F16F}.Debug|iPhone.ActiveCfg = Debug|Any CPU
		{E17058D5-A971-467A-97F1-40CAE708F16F}.Debug|iPhone.Build.0 = Debug|Any CPU
		{E17058D5-A971-467A-97F1-40CAE708F16F}.Debug|iPhone.Deploy.0 = Debug|Any CPU
		{E17058D5-A971-467A-97F1-40CAE708F16F}.Debug|iPhoneSimulator.ActiveCfg = Debug|Any CPU
		{E17058D5-A971-467A-97F1-40CAE708F16F}.Debug|iPhoneSimulator.Build.0 = Debug|Any CPU
		{E17058D5-A971-467A-97F1-40CAE708F16F}.Debug|iPhoneSimulator.Deploy.0 = Debug|Any CPU
		{E17058D5-A971-467A-97F1-40CAE708F16F}.Debug|x64.ActiveCfg = Debug|Any CPU
		{E17058D5-A971-467A-97F1-40CAE708F16F}.Debug|x64.Build.0 = Debug|Any CPU
		{E17058D5-A971-467A-97F1-40CAE708F16F}.Debug|x64.Deploy.0 = Debug|Any CPU
		{E17058D5-A971-467A-97F1-40CAE708F16F}.Debug|x86.ActiveCfg = Debug|Any CPU
		{E17058D5-A971-467A-97F1-40CAE708F16F}.Debug|x86.Build.0 = Debug|Any CPU
		{E17058D5-A971-467A-97F1-40CAE708F16F}.Debug|x86.Deploy.0 = Debug|Any CPU
		{E17058D5-A971-467A-97F1-40CAE708F16F}.Release|Any CPU.ActiveCfg = Release|Any CPU
		{E17058D5-A971-467A-97F1-40CAE708F16F}.Release|Any CPU.Build.0 = Release|Any CPU
		{E17058D5-A971-467A-97F1-40CAE708F16F}.Release|Any CPU.Deploy.0 = Release|Any CPU
		{E17058D5-A971-467A-97F1-40CAE708F16F}.Release|ARM.ActiveCfg = Release|Any CPU
		{E17058D5-A971-467A-97F1-40CAE708F16F}.Release|ARM.Build.0 = Release|Any CPU
		{E17058D5-A971-467A-97F1-40CAE708F16F}.Release|ARM.Deploy.0 = Release|Any CPU
		{E17058D5-A971-467A-97F1-40CAE708F16F}.Release|iPhone.ActiveCfg = Release|Any CPU
		{E17058D5-A971-467A-97F1-40CAE708F16F}.Release|iPhone.Build.0 = Release|Any CPU
		{E17058D5-A971-467A-97F1-40CAE708F16F}.Release|iPhone.Deploy.0 = Release|Any CPU
		{E17058D5-A971-467A-97F1-40CAE708F16F}.Release|iPhoneSimulator.ActiveCfg = Release|Any CPU
		{E17058D5-A971-467A-97F1-40CAE708F16F}.Release|iPhoneSimulator.Build.0 = Release|Any CPU
		{E17058D5-A971-467A-97F1-40CAE708F16F}.Release|iPhoneSimulator.Deploy.0 = Release|Any CPU
		{E17058D5-A971-467A-97F1-40CAE708F16F}.Release|x64.ActiveCfg = Release|Any CPU
		{E17058D5-A971-467A-97F1-40CAE708F16F}.Release|x64.Build.0 = Release|Any CPU
		{E17058D5-A971-467A-97F1-40CAE708F16F}.Release|x64.Deploy.0 = Release|Any CPU
		{E17058D5-A971-467A-97F1-40CAE708F16F}.Release|x86.ActiveCfg = Release|Any CPU
		{E17058D5-A971-467A-97F1-40CAE708F16F}.Release|x86.Build.0 = Release|Any CPU
		{E17058D5-A971-467A-97F1-40CAE708F16F}.Release|x86.Deploy.0 = Release|Any CPU
		{ADA0AF3A-DA4F-454D-85AE-918B2104A931}.Ad-Hoc|Any CPU.ActiveCfg = Release|x86
		{ADA0AF3A-DA4F-454D-85AE-918B2104A931}.Ad-Hoc|Any CPU.Build.0 = Release|x86
		{ADA0AF3A-DA4F-454D-85AE-918B2104A931}.Ad-Hoc|Any CPU.Deploy.0 = Release|x86
		{ADA0AF3A-DA4F-454D-85AE-918B2104A931}.Ad-Hoc|ARM.ActiveCfg = Release|ARM
		{ADA0AF3A-DA4F-454D-85AE-918B2104A931}.Ad-Hoc|ARM.Build.0 = Release|ARM
		{ADA0AF3A-DA4F-454D-85AE-918B2104A931}.Ad-Hoc|ARM.Deploy.0 = Release|ARM
		{ADA0AF3A-DA4F-454D-85AE-918B2104A931}.Ad-Hoc|iPhone.ActiveCfg = Release|x86
		{ADA0AF3A-DA4F-454D-85AE-918B2104A931}.Ad-Hoc|iPhone.Build.0 = Release|x86
		{ADA0AF3A-DA4F-454D-85AE-918B2104A931}.Ad-Hoc|iPhone.Deploy.0 = Release|x86
		{ADA0AF3A-DA4F-454D-85AE-918B2104A931}.Ad-Hoc|iPhoneSimulator.ActiveCfg = Release|x86
		{ADA0AF3A-DA4F-454D-85AE-918B2104A931}.Ad-Hoc|iPhoneSimulator.Build.0 = Release|x86
		{ADA0AF3A-DA4F-454D-85AE-918B2104A931}.Ad-Hoc|iPhoneSimulator.Deploy.0 = Release|x86
		{ADA0AF3A-DA4F-454D-85AE-918B2104A931}.Ad-Hoc|x64.ActiveCfg = Release|x64
		{ADA0AF3A-DA4F-454D-85AE-918B2104A931}.Ad-Hoc|x64.Build.0 = Release|x64
		{ADA0AF3A-DA4F-454D-85AE-918B2104A931}.Ad-Hoc|x64.Deploy.0 = Release|x64
		{ADA0AF3A-DA4F-454D-85AE-918B2104A931}.Ad-Hoc|x86.ActiveCfg = Release|x86
		{ADA0AF3A-DA4F-454D-85AE-918B2104A931}.Ad-Hoc|x86.Build.0 = Release|x86
		{ADA0AF3A-DA4F-454D-85AE-918B2104A931}.Ad-Hoc|x86.Deploy.0 = Release|x86
		{ADA0AF3A-DA4F-454D-85AE-918B2104A931}.AppStore|Any CPU.ActiveCfg = Release|x86
		{ADA0AF3A-DA4F-454D-85AE-918B2104A931}.AppStore|Any CPU.Build.0 = Release|x86
		{ADA0AF3A-DA4F-454D-85AE-918B2104A931}.AppStore|Any CPU.Deploy.0 = Release|x86
		{ADA0AF3A-DA4F-454D-85AE-918B2104A931}.AppStore|ARM.ActiveCfg = Release|ARM
		{ADA0AF3A-DA4F-454D-85AE-918B2104A931}.AppStore|ARM.Build.0 = Release|ARM
		{ADA0AF3A-DA4F-454D-85AE-918B2104A931}.AppStore|ARM.Deploy.0 = Release|ARM
		{ADA0AF3A-DA4F-454D-85AE-918B2104A931}.AppStore|iPhone.ActiveCfg = Release|x86
		{ADA0AF3A-DA4F-454D-85AE-918B2104A931}.AppStore|iPhone.Build.0 = Release|x86
		{ADA0AF3A-DA4F-454D-85AE-918B2104A931}.AppStore|iPhone.Deploy.0 = Release|x86
		{ADA0AF3A-DA4F-454D-85AE-918B2104A931}.AppStore|iPhoneSimulator.ActiveCfg = Release|x86
		{ADA0AF3A-DA4F-454D-85AE-918B2104A931}.AppStore|iPhoneSimulator.Build.0 = Release|x86
		{ADA0AF3A-DA4F-454D-85AE-918B2104A931}.AppStore|iPhoneSimulator.Deploy.0 = Release|x86
		{ADA0AF3A-DA4F-454D-85AE-918B2104A931}.AppStore|x64.ActiveCfg = Release|x64
		{ADA0AF3A-DA4F-454D-85AE-918B2104A931}.AppStore|x64.Build.0 = Release|x64
		{ADA0AF3A-DA4F-454D-85AE-918B2104A931}.AppStore|x64.Deploy.0 = Release|x64
		{ADA0AF3A-DA4F-454D-85AE-918B2104A931}.AppStore|x86.ActiveCfg = Release|x86
		{ADA0AF3A-DA4F-454D-85AE-918B2104A931}.AppStore|x86.Build.0 = Release|x86
		{ADA0AF3A-DA4F-454D-85AE-918B2104A931}.AppStore|x86.Deploy.0 = Release|x86
		{ADA0AF3A-DA4F-454D-85AE-918B2104A931}.Debug|Any CPU.ActiveCfg = Debug|x86
		{ADA0AF3A-DA4F-454D-85AE-918B2104A931}.Debug|ARM.ActiveCfg = Debug|ARM
		{ADA0AF3A-DA4F-454D-85AE-918B2104A931}.Debug|ARM.Build.0 = Debug|ARM
		{ADA0AF3A-DA4F-454D-85AE-918B2104A931}.Debug|ARM.Deploy.0 = Debug|ARM
		{ADA0AF3A-DA4F-454D-85AE-918B2104A931}.Debug|iPhone.ActiveCfg = Debug|x86
		{ADA0AF3A-DA4F-454D-85AE-918B2104A931}.Debug|iPhoneSimulator.ActiveCfg = Debug|x86
		{ADA0AF3A-DA4F-454D-85AE-918B2104A931}.Debug|x64.ActiveCfg = Debug|x64
		{ADA0AF3A-DA4F-454D-85AE-918B2104A931}.Debug|x64.Build.0 = Debug|x64
		{ADA0AF3A-DA4F-454D-85AE-918B2104A931}.Debug|x64.Deploy.0 = Debug|x64
		{ADA0AF3A-DA4F-454D-85AE-918B2104A931}.Debug|x86.ActiveCfg = Debug|x86
		{ADA0AF3A-DA4F-454D-85AE-918B2104A931}.Debug|x86.Build.0 = Debug|x86
		{ADA0AF3A-DA4F-454D-85AE-918B2104A931}.Debug|x86.Deploy.0 = Debug|x86
		{ADA0AF3A-DA4F-454D-85AE-918B2104A931}.Release|Any CPU.ActiveCfg = Release|x86
		{ADA0AF3A-DA4F-454D-85AE-918B2104A931}.Release|ARM.ActiveCfg = Release|ARM
		{ADA0AF3A-DA4F-454D-85AE-918B2104A931}.Release|ARM.Build.0 = Release|ARM
		{ADA0AF3A-DA4F-454D-85AE-918B2104A931}.Release|ARM.Deploy.0 = Release|ARM
		{ADA0AF3A-DA4F-454D-85AE-918B2104A931}.Release|iPhone.ActiveCfg = Release|x86
		{ADA0AF3A-DA4F-454D-85AE-918B2104A931}.Release|iPhoneSimulator.ActiveCfg = Release|x86
		{ADA0AF3A-DA4F-454D-85AE-918B2104A931}.Release|x64.ActiveCfg = Release|x64
		{ADA0AF3A-DA4F-454D-85AE-918B2104A931}.Release|x64.Build.0 = Release|x64
		{ADA0AF3A-DA4F-454D-85AE-918B2104A931}.Release|x64.Deploy.0 = Release|x64
		{ADA0AF3A-DA4F-454D-85AE-918B2104A931}.Release|x86.ActiveCfg = Release|x86
		{ADA0AF3A-DA4F-454D-85AE-918B2104A931}.Release|x86.Build.0 = Release|x86
		{ADA0AF3A-DA4F-454D-85AE-918B2104A931}.Release|x86.Deploy.0 = Release|x86
		{BA55AC6D-3AE0-480D-9C57-17ABC435BD8E}.Ad-Hoc|Any CPU.ActiveCfg = Debug|Any CPU
		{BA55AC6D-3AE0-480D-9C57-17ABC435BD8E}.Ad-Hoc|Any CPU.Build.0 = Debug|Any CPU
		{BA55AC6D-3AE0-480D-9C57-17ABC435BD8E}.Ad-Hoc|ARM.ActiveCfg = Debug|Any CPU
		{BA55AC6D-3AE0-480D-9C57-17ABC435BD8E}.Ad-Hoc|ARM.Build.0 = Debug|Any CPU
		{BA55AC6D-3AE0-480D-9C57-17ABC435BD8E}.Ad-Hoc|iPhone.ActiveCfg = Debug|Any CPU
		{BA55AC6D-3AE0-480D-9C57-17ABC435BD8E}.Ad-Hoc|iPhone.Build.0 = Debug|Any CPU
		{BA55AC6D-3AE0-480D-9C57-17ABC435BD8E}.Ad-Hoc|iPhoneSimulator.ActiveCfg = Debug|Any CPU
		{BA55AC6D-3AE0-480D-9C57-17ABC435BD8E}.Ad-Hoc|iPhoneSimulator.Build.0 = Debug|Any CPU
		{BA55AC6D-3AE0-480D-9C57-17ABC435BD8E}.Ad-Hoc|x64.ActiveCfg = Debug|Any CPU
		{BA55AC6D-3AE0-480D-9C57-17ABC435BD8E}.Ad-Hoc|x64.Build.0 = Debug|Any CPU
		{BA55AC6D-3AE0-480D-9C57-17ABC435BD8E}.Ad-Hoc|x86.ActiveCfg = Debug|Any CPU
		{BA55AC6D-3AE0-480D-9C57-17ABC435BD8E}.Ad-Hoc|x86.Build.0 = Debug|Any CPU
		{BA55AC6D-3AE0-480D-9C57-17ABC435BD8E}.AppStore|Any CPU.ActiveCfg = Debug|Any CPU
		{BA55AC6D-3AE0-480D-9C57-17ABC435BD8E}.AppStore|Any CPU.Build.0 = Debug|Any CPU
		{BA55AC6D-3AE0-480D-9C57-17ABC435BD8E}.AppStore|ARM.ActiveCfg = Debug|Any CPU
		{BA55AC6D-3AE0-480D-9C57-17ABC435BD8E}.AppStore|ARM.Build.0 = Debug|Any CPU
		{BA55AC6D-3AE0-480D-9C57-17ABC435BD8E}.AppStore|iPhone.ActiveCfg = Debug|Any CPU
		{BA55AC6D-3AE0-480D-9C57-17ABC435BD8E}.AppStore|iPhone.Build.0 = Debug|Any CPU
		{BA55AC6D-3AE0-480D-9C57-17ABC435BD8E}.AppStore|iPhoneSimulator.ActiveCfg = Debug|Any CPU
		{BA55AC6D-3AE0-480D-9C57-17ABC435BD8E}.AppStore|iPhoneSimulator.Build.0 = Debug|Any CPU
		{BA55AC6D-3AE0-480D-9C57-17ABC435BD8E}.AppStore|x64.ActiveCfg = Debug|Any CPU
		{BA55AC6D-3AE0-480D-9C57-17ABC435BD8E}.AppStore|x64.Build.0 = Debug|Any CPU
		{BA55AC6D-3AE0-480D-9C57-17ABC435BD8E}.AppStore|x86.ActiveCfg = Debug|Any CPU
		{BA55AC6D-3AE0-480D-9C57-17ABC435BD8E}.AppStore|x86.Build.0 = Debug|Any CPU
		{BA55AC6D-3AE0-480D-9C57-17ABC435BD8E}.Debug|Any CPU.ActiveCfg = Debug|Any CPU
		{BA55AC6D-3AE0-480D-9C57-17ABC435BD8E}.Debug|Any CPU.Build.0 = Debug|Any CPU
		{BA55AC6D-3AE0-480D-9C57-17ABC435BD8E}.Debug|ARM.ActiveCfg = Debug|Any CPU
		{BA55AC6D-3AE0-480D-9C57-17ABC435BD8E}.Debug|ARM.Build.0 = Debug|Any CPU
		{BA55AC6D-3AE0-480D-9C57-17ABC435BD8E}.Debug|iPhone.ActiveCfg = Debug|Any CPU
		{BA55AC6D-3AE0-480D-9C57-17ABC435BD8E}.Debug|iPhone.Build.0 = Debug|Any CPU
		{BA55AC6D-3AE0-480D-9C57-17ABC435BD8E}.Debug|iPhoneSimulator.ActiveCfg = Debug|Any CPU
		{BA55AC6D-3AE0-480D-9C57-17ABC435BD8E}.Debug|iPhoneSimulator.Build.0 = Debug|Any CPU
		{BA55AC6D-3AE0-480D-9C57-17ABC435BD8E}.Debug|x64.ActiveCfg = Debug|Any CPU
		{BA55AC6D-3AE0-480D-9C57-17ABC435BD8E}.Debug|x64.Build.0 = Debug|Any CPU
		{BA55AC6D-3AE0-480D-9C57-17ABC435BD8E}.Debug|x86.ActiveCfg = Debug|Any CPU
		{BA55AC6D-3AE0-480D-9C57-17ABC435BD8E}.Debug|x86.Build.0 = Debug|Any CPU
		{BA55AC6D-3AE0-480D-9C57-17ABC435BD8E}.Release|Any CPU.ActiveCfg = Release|Any CPU
		{BA55AC6D-3AE0-480D-9C57-17ABC435BD8E}.Release|Any CPU.Build.0 = Release|Any CPU
		{BA55AC6D-3AE0-480D-9C57-17ABC435BD8E}.Release|ARM.ActiveCfg = Release|Any CPU
		{BA55AC6D-3AE0-480D-9C57-17ABC435BD8E}.Release|ARM.Build.0 = Release|Any CPU
		{BA55AC6D-3AE0-480D-9C57-17ABC435BD8E}.Release|iPhone.ActiveCfg = Release|Any CPU
		{BA55AC6D-3AE0-480D-9C57-17ABC435BD8E}.Release|iPhone.Build.0 = Release|Any CPU
		{BA55AC6D-3AE0-480D-9C57-17ABC435BD8E}.Release|iPhoneSimulator.ActiveCfg = Release|Any CPU
		{BA55AC6D-3AE0-480D-9C57-17ABC435BD8E}.Release|iPhoneSimulator.Build.0 = Release|Any CPU
		{BA55AC6D-3AE0-480D-9C57-17ABC435BD8E}.Release|x64.ActiveCfg = Release|Any CPU
		{BA55AC6D-3AE0-480D-9C57-17ABC435BD8E}.Release|x64.Build.0 = Release|Any CPU
		{BA55AC6D-3AE0-480D-9C57-17ABC435BD8E}.Release|x86.ActiveCfg = Release|Any CPU
		{BA55AC6D-3AE0-480D-9C57-17ABC435BD8E}.Release|x86.Build.0 = Release|Any CPU
	EndGlobalSection
	GlobalSection(SolutionProperties) = preSolution
		HideSolutionNode = FALSE
	EndGlobalSection
	GlobalSection(ExtensibilityGlobals) = postSolution
		SolutionGuid = {F6D05029-56B8-4E45-AF2D-0E76295DDBA2}
	EndGlobalSection
EndGlobal
